PODS:
  - DropDown (2.3.13)
  - MBProgressHUD (1.2.0)

DEPENDENCIES:
  - DropDown
  - MBProgressHUD (~> 1.2.0)

SPEC REPOS:
  trunk:
    - DropDown
    - MBProgressHUD

SPEC CHECKSUMS:
  DropDown: 8a2116376c1981888557f72ec2ffc9a5e0e456ec
  MBProgressHUD: 3ee5efcc380f6a79a7cc9b363dd669c5e1ae7406

PODFILE CHECKSUM: faabe64ee6795bbab5962a599e6ab6d6f3012044

COCOAPODS: 1.13.0
